
Microsoft Visual Studio Solution File, Format Version 12.00
# Visual Studio Version 17
VisualStudioVersion = 17.0.32014.148
MinimumVisualStudioVersion = 10.0.40219.1
Project("{FAE04EC0-301F-11D3-BF4B-00C04F79EFBC}") = "DroneRepairStationFinder", "DroneRepairStationFinder\DroneRepairStationFinder.csproj", "{CA191795-F22E-4E24-BD8B-3C53FE86D22F}"
EndProject
Project("{FAE04EC0-301F-11D3-BF4B-00C04F79EFBC}") = "DroneRepairStationFinderTests", "DroneRepairStationFinderTests\DroneRepairStationFinderTests.csproj", "{FBD091E3-8FCB-428E-9D89-8555F5E145B3}"
EndProject
Global
	GlobalSection(SolutionConfigurationPlatforms) = preSolution
		Debug|Any CPU = Debug|Any CPU
		Release|Any CPU = Release|Any CPU
	EndGlobalSection
	GlobalSection(ProjectConfigurationPlatforms) = postSolution
		{CA191795-F22E-4E24-BD8B-3C53FE86D22F}.Debug|Any CPU.ActiveCfg = Debug|Any CPU
		{CA191795-F22E-4E24-BD8B-3C53FE86D22F}.Debug|Any CPU.Build.0 = Debug|Any CPU
		{CA191795-F22E-4E24-BD8B-3C53FE86D22F}.Release|Any CPU.ActiveCfg = Release|Any CPU
		{CA191795-F22E-4E24-BD8B-3C53FE86D22F}.Release|Any CPU.Build.0 = Release|Any CPU
		{FBD091E3-8FCB-428E-9D89-8555F5E145B3}.Debug|Any CPU.ActiveCfg = Debug|Any CPU
		{FBD091E3-8FCB-428E-9D89-8555F5E145B3}.Debug|Any CPU.Build.0 = Debug|Any CPU
		{FBD091E3-8FCB-428E-9D89-8555F5E145B3}.Release|Any CPU.ActiveCfg = Release|Any CPU
		{FBD091E3-8FCB-428E-9D89-8555F5E145B3}.Release|Any CPU.Build.0 = Release|Any CPU
	EndGlobalSection
	GlobalSection(SolutionProperties) = preSolution
		HideSolutionNode = FALSE
	EndGlobalSection
	GlobalSection(ExtensibilityGlobals) = postSolution
		SolutionGuid = {D1933741-5559-4009-AE72-EF274E8F61D2}
	EndGlobalSection
EndGlobal
